
Microsoft Visual Studio Solution File, Format Version 12.00
# Visual Studio Version 16
VisualStudioVersion = 16.0.810.8
MinimumVisualStudioVersion = 10.0.40219.1
Project("{FAE04EC0-301F-11D3-BF4B-00C04F79EFBC}") = "API", "src\API.csproj", "{F9A44863-0D85-44C2-9D79-171859F85426}"
EndProject
Global
	GlobalSection(SolutionConfigurationPlatforms) = preSolution
		Debug|Any CPU = Debug|Any CPU
		Release|Any CPU = Release|Any CPU
	EndGlobalSection
	GlobalSection(ProjectConfigurationPlatforms) = postSolution
		{F9A44863-0D85-44C2-9D79-171859F85426}.Debug|Any CPU.ActiveCfg = Debug|Any CPU
		{F9A44863-0D85-44C2-9D79-171859F85426}.Debug|Any CPU.Build.0 = Debug|Any CPU
		{F9A44863-0D85-44C2-9D79-171859F85426}.Release|Any CPU.ActiveCfg = Release|Any CPU
		{F9A44863-0D85-44C2-9D79-171859F85426}.Release|Any CPU.Build.0 = Release|Any CPU
	EndGlobalSection
	GlobalSection(SolutionProperties) = preSolution
		HideSolutionNode = FALSE
	EndGlobalSection
	GlobalSection(ExtensibilityGlobals) = postSolution
		SolutionGuid = {FB1DF0B3-663F-4276-BBA0-61C516C6A073}
	EndGlobalSection
EndGlobal
